
Microsoft Visual Studio Solution File, Format Version 12.00
# Visual Studio Version 16
VisualStudioVersion = 16.0.30011.22
MinimumVisualStudioVersion = 10.0.40219.1
Project("{FAE04EC0-301F-11D3-BF4B-00C04F79EFBC}") = "EHR_project", "EHR_project.csproj", "{3DD24EE5-1238-4BAB-A0BC-A9BA60151E46}"
EndProject
Global
	GlobalSection(SolutionConfigurationPlatforms) = preSolution
		Debug|Any CPU = Debug|Any CPU
		Release|Any CPU = Release|Any CPU
	EndGlobalSection
	GlobalSection(ProjectConfigurationPlatforms) = postSolution
		{3DD24EE5-1238-4BAB-A0BC-A9BA60151E46}.Debug|Any CPU.ActiveCfg = Debug|Any CPU
		{3DD24EE5-1238-4BAB-A0BC-A9BA60151E46}.Debug|Any CPU.Build.0 = Debug|Any CPU
		{3DD24EE5-1238-4BAB-A0BC-A9BA60151E46}.Release|Any CPU.ActiveCfg = Release|Any CPU
		{3DD24EE5-1238-4BAB-A0BC-A9BA60151E46}.Release|Any CPU.Build.0 = Release|Any CPU
	EndGlobalSection
	GlobalSection(SolutionProperties) = preSolution
		HideSolutionNode = FALSE
	EndGlobalSection
	GlobalSection(ExtensibilityGlobals) = postSolution
		SolutionGuid = {760D5701-D76D-480B-BA9C-1F2B5598B8CD}
	EndGlobalSection
EndGlobal
